<?xml version="1.0" encoding="utf-8"?>
<Project ToolsVersion="4.0" xmlns="http://schemas.microsoft.com/developer/msbuild/2003">
  <ItemGroup>
    <Filter Include="Source Files">
      <UniqueIdentifier>{4FC737F1-C7A5-4376-A066-2A32D752A2FF}</UniqueIdentifier>
      <Extensions>cpp;c;cc;cxx;def;odl;idl;hpj;bat;asm;asmx</Extensions>
    </Filter>
    <Filter Include="Header Files">
      <UniqueIdentifier>{93995380-89BD-4b04-88EB-625FBE52EBFB}</UniqueIdentifier>
      <Extensions>h;hh;hpp;hxx;hm;inl;inc;xsd</Extensions>
    </Filter>
    <Filter Include="Resource Files">
      <UniqueIdentifier>{67DA6AB6-F800-4c08-8B7A-83BB121AAD01}</UniqueIdentifier>
      <Extensions>rc;ico;cur;bmp;dlg;rc2;rct;bin;rgs;gif;jpg;jpeg;jpe;resx;tiff;tif;png;wav;mfcribbon-ms</Extensions>
    </Filter>
    <Filter Include="socket">
      <UniqueIdentifier>{d514bc60-3e3f-4486-b099-488502d07758}</UniqueIdentifier>
    </Filter>
    <Filter Include="base">
      <UniqueIdentifier>{515a306d-b3ba-42af-9d7d-a6fbc439a037}</UniqueIdentifier>
    </Filter>
    <Filter Include="base\strings">
      <UniqueIdentifier>{29b5eaa2-812a-401d-a979-07f9ee7bb488}</UniqueIdentifier>
    </Filter>
    <Filter Include="http">
      <UniqueIdentifier>{231d362f-fee0-41c6-b115-0c09c6ed6d2f}</UniqueIdentifier>
    </Filter>
  </ItemGroup>
  <ItemGroup>
    <ClInclude Include="stdafx.h">
      <Filter>Header Files</Filter>
    </ClInclude>
    <ClInclude Include="targetver.h">
      <Filter>Header Files</Filter>
    </ClInclude>
    <ClInclude Include="EchoServer.h">
      <Filter>socket</Filter>
    </ClInclude>
    <ClInclude Include="UDPEchoServer.h">
      <Filter>socket</Filter>
    </ClInclude>
  </ItemGroup>
  <ItemGroup>
    <ClCompile Include="stdafx.cpp">
      <Filter>Source Files</Filter>
    </ClCompile>
    <ClCompile Include="EchoServer.cpp">
      <Filter>socket</Filter>
    </ClCompile>
    <ClCompile Include="UDPEchoServer.cpp">
      <Filter>socket</Filter>
    </ClCompile>
    <ClCompile Include="zip_Test.cpp">
      <Filter>base</Filter>
    </ClCompile>
    <ClCompile Include="string_utils_unittest.cpp">
      <Filter>base\strings</Filter>
    </ClCompile>
    <ClCompile Include="DatagramSocket_unittest.cpp">
      <Filter>socket</Filter>
    </ClCompile>
    <ClCompile Include="Socket_unittest.cpp">
      <Filter>socket</Filter>
    </ClCompile>
    <ClCompile Include="url_unittest.cpp">
      <Filter>base</Filter>
    </ClCompile>
    <ClCompile Include="escape_unittest.cpp">
      <Filter>base</Filter>
    </ClCompile>
    <ClCompile Include="base64_unittest.cpp">
      <Filter>base</Filter>
    </ClCompile>
    <ClCompile Include="client_unittest.cpp">
      <Filter>http</Filter>
    </ClCompile>
  </ItemGroup>
</Project>