<?xml version="1.0" encoding="utf-8"?>
<Project ToolsVersion="4.0" xmlns="http://schemas.microsoft.com/developer/msbuild/2003">
  <ItemGroup>
    <Filter Include="Resource Files">
      <UniqueIdentifier>{67DA6AB6-F800-4c08-8B7A-83BB121AAD01}</UniqueIdentifier>
      <Extensions>rc;ico;cur;bmp;dlg;rc2;rct;bin;rgs;gif;jpg;jpeg;jpe;resx;tiff;tif;png;wav;mfcribbon-ms</Extensions>
    </Filter>
    <Filter Include="base">
      <UniqueIdentifier>{92a6378b-fdd3-49be-bcc1-fa5c8e6e71f4}</UniqueIdentifier>
    </Filter>
    <Filter Include="socket">
      <UniqueIdentifier>{69e7d0ce-86db-4cb7-9582-2be74e0b50cf}</UniqueIdentifier>
    </Filter>
    <Filter Include="http">
      <UniqueIdentifier>{cd0d5673-25ae-4b13-99ee-3a88627fd37c}</UniqueIdentifier>
    </Filter>
    <Filter Include="base\strings">
      <UniqueIdentifier>{8af4608f-30fc-4592-bc01-74c92508768e}</UniqueIdentifier>
    </Filter>
  </ItemGroup>
  <ItemGroup>
    <Text Include="ReadMe.txt" />
  </ItemGroup>
  <ItemGroup>
    <ClCompile Include="base\zip.cpp">
      <Filter>base</Filter>
    </ClCompile>
    <ClCompile Include="socket\Socket.cpp">
      <Filter>socket</Filter>
    </ClCompile>
    <ClCompile Include="socket\SocketAddress.cpp">
      <Filter>socket</Filter>
    </ClCompile>
    <ClCompile Include="socket\SocketImpl.cpp">
      <Filter>socket</Filter>
    </ClCompile>
    <ClCompile Include="socket\StreamSocket.cpp">
      <Filter>socket</Filter>
    </ClCompile>
    <ClCompile Include="socket\StreamSocketImpl.cpp">
      <Filter>socket</Filter>
    </ClCompile>
    <ClCompile Include="socket\ServerSocketImpl.cpp">
      <Filter>socket</Filter>
    </ClCompile>
    <ClCompile Include="socket\ServerSocket.cpp">
      <Filter>socket</Filter>
    </ClCompile>
    <ClCompile Include="socket\DatagramSocketImpl.cpp">
      <Filter>socket</Filter>
    </ClCompile>
    <ClCompile Include="socket\DatagramSocket.cpp">
      <Filter>socket</Filter>
    </ClCompile>
    <ClCompile Include="base\strings\string_utils.cpp">
      <Filter>base\strings</Filter>
    </ClCompile>
    <ClCompile Include="base\url.cpp">
      <Filter>base</Filter>
    </ClCompile>
    <ClCompile Include="base\escape.cpp">
      <Filter>base</Filter>
    </ClCompile>
    <ClCompile Include="http\request.cpp">
      <Filter>http</Filter>
    </ClCompile>
    <ClCompile Include="base\base64.cpp">
      <Filter>base</Filter>
    </ClCompile>
    <ClCompile Include="http\common.cpp">
      <Filter>http</Filter>
    </ClCompile>
    <ClCompile Include="http\response.cpp">
      <Filter>http</Filter>
    </ClCompile>
    <ClCompile Include="http\context.cpp">
      <Filter>http</Filter>
    </ClCompile>
    <ClCompile Include="http\client.cpp">
      <Filter>http</Filter>
    </ClCompile>
    <ClCompile Include="http\status.cpp">
      <Filter>http</Filter>
    </ClCompile>
    <ClCompile Include="http\reader.cpp">
      <Filter>http</Filter>
    </ClCompile>
  </ItemGroup>
  <ItemGroup>
    <ClInclude Include="socket\Socket.h">
      <Filter>socket</Filter>
    </ClInclude>
    <ClInclude Include="socket\SocketAddress.h">
      <Filter>socket</Filter>
    </ClInclude>
    <ClInclude Include="socket\SocketDefs.h">
      <Filter>socket</Filter>
    </ClInclude>
    <ClInclude Include="socket\SocketImpl.h">
      <Filter>socket</Filter>
    </ClInclude>
    <ClInclude Include="socket\StreamSocket.h">
      <Filter>socket</Filter>
    </ClInclude>
    <ClInclude Include="socket\StreamSocketImpl.h">
      <Filter>socket</Filter>
    </ClInclude>
    <ClInclude Include="base\zip.h">
      <Filter>base</Filter>
    </ClInclude>
    <ClInclude Include="http\httpdefs.h">
      <Filter>http</Filter>
    </ClInclude>
    <ClInclude Include="socket\ServerSocketImpl.h">
      <Filter>socket</Filter>
    </ClInclude>
    <ClInclude Include="socket\ServerSocket.h">
      <Filter>socket</Filter>
    </ClInclude>
    <ClInclude Include="socket\DatagramSocketImpl.h">
      <Filter>socket</Filter>
    </ClInclude>
    <ClInclude Include="socket\DatagramSocket.h">
      <Filter>socket</Filter>
    </ClInclude>
    <ClInclude Include="base\strings\string_utils.h">
      <Filter>base\strings</Filter>
    </ClInclude>
    <ClInclude Include="base\url.h">
      <Filter>base</Filter>
    </ClInclude>
    <ClInclude Include="base\escape.h">
      <Filter>base</Filter>
    </ClInclude>
    <ClInclude Include="http\request.h">
      <Filter>http</Filter>
    </ClInclude>
    <ClInclude Include="http\cookie.h">
      <Filter>http</Filter>
    </ClInclude>
    <ClInclude Include="base\base64.h">
      <Filter>base</Filter>
    </ClInclude>
    <ClInclude Include="http\response.h">
      <Filter>http</Filter>
    </ClInclude>
    <ClInclude Include="http\common.h">
      <Filter>http</Filter>
    </ClInclude>
    <ClInclude Include="http\context.h">
      <Filter>http</Filter>
    </ClInclude>
    <ClInclude Include="http\client.h">
      <Filter>http</Filter>
    </ClInclude>
    <ClInclude Include="http\status.h">
      <Filter>http</Filter>
    </ClInclude>
    <ClInclude Include="http\reader.h">
      <Filter>http</Filter>
    </ClInclude>
  </ItemGroup>
</Project>